// !$*UTF8*$!
{
	archiveVersion = 1;
	classes = {
	};
	objectVersion = 56;
	objects = {

/* Begin PBXBuildFile section */
		56951B28299D33A100C78F04 /* LoginView.swift in Sources */ = {isa = PBXBuildFile; fileRef = 56951B27299D33A100C78F04 /* LoginView.swift */; };
		56DA1E4F29A2BD870019102C /* NXAuthenitcator.swift in Sources */ = {isa = PBXBuildFile; fileRef = 56DA1E4E29A2BD870019102C /* NXAuthenitcator.swift */; };
		56DA1E5229A2CE0E0019102C /* DataManager.swift in Sources */ = {isa = PBXBuildFile; fileRef = 56DA1E5129A2CE0E0019102C /* DataManager.swift */; };
		56DA1E5429A2CE700019102C /* Endpoints.swift in Sources */ = {isa = PBXBuildFile; fileRef = 56DA1E5329A2CE700019102C /* Endpoints.swift */; };
		56DA1E5629A2CEEE0019102C /* NXAuthenticationObject.swift in Sources */ = {isa = PBXBuildFile; fileRef = 56DA1E5529A2CEEE0019102C /* NXAuthenticationObject.swift */; };
		56DA1E5829A2D0650019102C /* NXServer.swift in Sources */ = {isa = PBXBuildFile; fileRef = 56DA1E5729A2D0650019102C /* NXServer.swift */; };
		56DA1E5A29A2D56B0019102C /* AuthenitcationCoordinator.swift in Sources */ = {isa = PBXBuildFile; fileRef = 56DA1E5929A2D56B0019102C /* AuthenitcationCoordinator.swift */; };
		56DA1E5C29A2EFC70019102C /* NXAuthenticationDelegate.swift in Sources */ = {isa = PBXBuildFile; fileRef = 56DA1E5B29A2EFC70019102C /* NXAuthenticationDelegate.swift */; };
		56DA1E6329A2FB500019102C /* MainViewController.swift in Sources */ = {isa = PBXBuildFile; fileRef = 56DA1E6229A2FB500019102C /* MainViewController.swift */; };
		56DA1E6629A598680019102C /* KeychainOptions.swift in Sources */ = {isa = PBXBuildFile; fileRef = 56DA1E6529A598680019102C /* KeychainOptions.swift */; };
		56DA1E6829A598710019102C /* KeychainWrapper.swift in Sources */ = {isa = PBXBuildFile; fileRef = 56DA1E6729A598710019102C /* KeychainWrapper.swift */; };
		56DA1E6B29A6A26A0019102C /* WebViewController.swift in Sources */ = {isa = PBXBuildFile; fileRef = 56DA1E6A29A6A26A0019102C /* WebViewController.swift */; };
		56DA1E7029B2EFFE0019102C /* NXServerManager.swift in Sources */ = {isa = PBXBuildFile; fileRef = 56DA1E6F29B2EFFE0019102C /* NXServerManager.swift */; };
		56EB57C029938AAD00E1495A /* AppDelegate.swift in Sources */ = {isa = PBXBuildFile; fileRef = 56EB57BF29938AAD00E1495A /* AppDelegate.swift */; };
		56EB57C229938AAD00E1495A /* SceneDelegate.swift in Sources */ = {isa = PBXBuildFile; fileRef = 56EB57C129938AAD00E1495A /* SceneDelegate.swift */; };
		56EB57C429938AAD00E1495A /* AuthenticationViewController.swift in Sources */ = {isa = PBXBuildFile; fileRef = 56EB57C329938AAD00E1495A /* AuthenticationViewController.swift */; };
		56EB57C929938AAE00E1495A /* Assets.xcassets in Resources */ = {isa = PBXBuildFile; fileRef = 56EB57C829938AAE00E1495A /* Assets.xcassets */; };
		56EB57CC29938AAE00E1495A /* LaunchScreen.storyboard in Resources */ = {isa = PBXBuildFile; fileRef = 56EB57CA29938AAE00E1495A /* LaunchScreen.storyboard */; };
		56EB57D629938C0600E1495A /* Coordinator.swift in Sources */ = {isa = PBXBuildFile; fileRef = 56EB57D529938C0600E1495A /* Coordinator.swift */; };
		56EB57D829938C4E00E1495A /* MainCoordinator.swift in Sources */ = {isa = PBXBuildFile; fileRef = 56EB57D729938C4E00E1495A /* MainCoordinator.swift */; };
		56EB57DA29A04F6900E1495A /* GlobalVariables.swift in Sources */ = {isa = PBXBuildFile; fileRef = 56EB57D929A04F6900E1495A /* GlobalVariables.swift */; };
/* End PBXBuildFile section */

/* Begin PBXFileReference section */
		56951B27299D33A100C78F04 /* LoginView.swift */ = {isa = PBXFileReference; lastKnownFileType = sourcecode.swift; path = LoginView.swift; sourceTree = "<group>"; };
		56DA1E4E29A2BD870019102C /* NXAuthenitcator.swift */ = {isa = PBXFileReference; lastKnownFileType = sourcecode.swift; path = NXAuthenitcator.swift; sourceTree = "<group>"; };
		56DA1E5129A2CE0E0019102C /* DataManager.swift */ = {isa = PBXFileReference; lastKnownFileType = sourcecode.swift; path = DataManager.swift; sourceTree = "<group>"; };
		56DA1E5329A2CE700019102C /* Endpoints.swift */ = {isa = PBXFileReference; lastKnownFileType = sourcecode.swift; path = Endpoints.swift; sourceTree = "<group>"; };
		56DA1E5529A2CEEE0019102C /* NXAuthenticationObject.swift */ = {isa = PBXFileReference; lastKnownFileType = sourcecode.swift; path = NXAuthenticationObject.swift; sourceTree = "<group>"; };
		56DA1E5729A2D0650019102C /* NXServer.swift */ = {isa = PBXFileReference; lastKnownFileType = sourcecode.swift; path = NXServer.swift; sourceTree = "<group>"; };
		56DA1E5929A2D56B0019102C /* AuthenitcationCoordinator.swift */ = {isa = PBXFileReference; lastKnownFileType = sourcecode.swift; path = AuthenitcationCoordinator.swift; sourceTree = "<group>"; };
		56DA1E5B29A2EFC70019102C /* NXAuthenticationDelegate.swift */ = {isa = PBXFileReference; lastKnownFileType = sourcecode.swift; path = NXAuthenticationDelegate.swift; sourceTree = "<group>"; };
		56DA1E6229A2FB500019102C /* MainViewController.swift */ = {isa = PBXFileReference; lastKnownFileType = sourcecode.swift; path = MainViewController.swift; sourceTree = "<group>"; };
		56DA1E6529A598680019102C /* KeychainOptions.swift */ = {isa = PBXFileReference; lastKnownFileType = sourcecode.swift; path = KeychainOptions.swift; sourceTree = "<group>"; };
		56DA1E6729A598710019102C /* KeychainWrapper.swift */ = {isa = PBXFileReference; lastKnownFileType = sourcecode.swift; path = KeychainWrapper.swift; sourceTree = "<group>"; };
		56DA1E6A29A6A26A0019102C /* WebViewController.swift */ = {isa = PBXFileReference; lastKnownFileType = sourcecode.swift; path = WebViewController.swift; sourceTree = "<group>"; };
		56DA1E6F29B2EFFE0019102C /* NXServerManager.swift */ = {isa = PBXFileReference; lastKnownFileType = sourcecode.swift; path = NXServerManager.swift; sourceTree = "<group>"; };
		56EB57BC29938AAD00E1495A /* Cocinera.app */ = {isa = PBXFileReference; explicitFileType = wrapper.application; includeInIndex = 0; path = Cocinera.app; sourceTree = BUILT_PRODUCTS_DIR; };
		56EB57BF29938AAD00E1495A /* AppDelegate.swift */ = {isa = PBXFileReference; lastKnownFileType = sourcecode.swift; path = AppDelegate.swift; sourceTree = "<group>"; };
		56EB57C129938AAD00E1495A /* SceneDelegate.swift */ = {isa = PBXFileReference; lastKnownFileType = sourcecode.swift; path = SceneDelegate.swift; sourceTree = "<group>"; };
		56EB57C329938AAD00E1495A /* AuthenticationViewController.swift */ = {isa = PBXFileReference; lastKnownFileType = sourcecode.swift; path = AuthenticationViewController.swift; sourceTree = "<group>"; };
		56EB57C829938AAE00E1495A /* Assets.xcassets */ = {isa = PBXFileReference; lastKnownFileType = folder.assetcatalog; path = Assets.xcassets; sourceTree = "<group>"; };
		56EB57CB29938AAE00E1495A /* Base */ = {isa = PBXFileReference; lastKnownFileType = file.storyboard; name = Base; path = Base.lproj/LaunchScreen.storyboard; sourceTree = "<group>"; };
		56EB57CD29938AAE00E1495A /* Info.plist */ = {isa = PBXFileReference; lastKnownFileType = text.plist.xml; path = Info.plist; sourceTree = "<group>"; };
		56EB57D529938C0600E1495A /* Coordinator.swift */ = {isa = PBXFileReference; lastKnownFileType = sourcecode.swift; path = Coordinator.swift; sourceTree = "<group>"; };
		56EB57D729938C4E00E1495A /* MainCoordinator.swift */ = {isa = PBXFileReference; lastKnownFileType = sourcecode.swift; path = MainCoordinator.swift; sourceTree = "<group>"; };
		56EB57D929A04F6900E1495A /* GlobalVariables.swift */ = {isa = PBXFileReference; lastKnownFileType = sourcecode.swift; name = GlobalVariables.swift; path = Cocinera/GlobalVariables.swift; sourceTree = SOURCE_ROOT; };
/* End PBXFileReference section */

/* Begin PBXFrameworksBuildPhase section */
		56EB57B929938AAD00E1495A /* Frameworks */ = {
			isa = PBXFrameworksBuildPhase;
			buildActionMask = 2147483647;
			files = (
			);
			runOnlyForDeploymentPostprocessing = 0;
		};
/* End PBXFrameworksBuildPhase section */

/* Begin PBXGroup section */
		56951B26299D339100C78F04 /* LoginFlow */ = {
			isa = PBXGroup;
			children = (
				56EB57C329938AAD00E1495A /* AuthenticationViewController.swift */,
				56951B27299D33A100C78F04 /* LoginView.swift */,
			);
			path = LoginFlow;
			sourceTree = "<group>";
		};
		56DA1E4D29A2BD730019102C /* Backend */ = {
			isa = PBXGroup;
			children = (
				56DA1E5129A2CE0E0019102C /* DataManager.swift */,
				56DA1E5329A2CE700019102C /* Endpoints.swift */,
				56DA1E6929A598800019102C /* Keychain */,
			);
			path = Backend;
			sourceTree = "<group>";
		};
		56DA1E5D29A2F16E0019102C /* NXAPI */ = {
			isa = PBXGroup;
			children = (
				56DA1E7129B2F0150019102C /* Authentication */,
				56DA1E6F29B2EFFE0019102C /* NXServerManager.swift */,
				56DA1E6C29B2D6580019102C /* Objects */,
			);
			path = NXAPI;
			sourceTree = "<group>";
		};
		56DA1E6429A597030019102C /* Frontend */ = {
			isa = PBXGroup;
			children = (
				56951B26299D339100C78F04 /* LoginFlow */,
			);
			path = Frontend;
			sourceTree = "<group>";
		};
		56DA1E6929A598800019102C /* Keychain */ = {
			isa = PBXGroup;
			children = (
				56DA1E6529A598680019102C /* KeychainOptions.swift */,
				56DA1E6729A598710019102C /* KeychainWrapper.swift */,
			);
			path = Keychain;
			sourceTree = "<group>";
		};
		56DA1E6C29B2D6580019102C /* Objects */ = {
			isa = PBXGroup;
			children = (
				56DA1E5729A2D0650019102C /* NXServer.swift */,
				56DA1E5529A2CEEE0019102C /* NXAuthenticationObject.swift */,
			);
			path = Objects;
			sourceTree = "<group>";
		};
		56DA1E7129B2F0150019102C /* Authentication */ = {
			isa = PBXGroup;
			children = (
				56DA1E4E29A2BD870019102C /* NXAuthenitcator.swift */,
				56DA1E5B29A2EFC70019102C /* NXAuthenticationDelegate.swift */,
			);
			path = Authentication;
			sourceTree = "<group>";
		};
		56EB57B329938AAD00E1495A = {
			isa = PBXGroup;
			children = (
				56EB57BE29938AAD00E1495A /* Cocinera */,
				56EB57BD29938AAD00E1495A /* Products */,
			);
			sourceTree = "<group>";
		};
		56EB57BD29938AAD00E1495A /* Products */ = {
			isa = PBXGroup;
			children = (
				56EB57BC29938AAD00E1495A /* Cocinera.app */,
			);
			name = Products;
			sourceTree = "<group>";
		};
		56EB57BE29938AAD00E1495A /* Cocinera */ = {
			isa = PBXGroup;
			children = (
				56EB57D929A04F6900E1495A /* GlobalVariables.swift */,
				56DA1E5D29A2F16E0019102C /* NXAPI */,
				56DA1E4D29A2BD730019102C /* Backend */,
				56DA1E6429A597030019102C /* Frontend */,
				56EB57D429938B7200E1495A /* Coordinators */,
				56EB57D329938B6600E1495A /* Protocols */,
				56DA1E6A29A6A26A0019102C /* WebViewController.swift */,
				56EB57BF29938AAD00E1495A /* AppDelegate.swift */,
				56EB57C129938AAD00E1495A /* SceneDelegate.swift */,
				56EB57C829938AAE00E1495A /* Assets.xcassets */,
				56EB57CA29938AAE00E1495A /* LaunchScreen.storyboard */,
				56EB57CD29938AAE00E1495A /* Info.plist */,
			);
			path = Cocinera;
			sourceTree = "<group>";
		};
		56EB57D329938B6600E1495A /* Protocols */ = {
			isa = PBXGroup;
			children = (
				56EB57D529938C0600E1495A /* Coordinator.swift */,
			);
			path = Protocols;
			sourceTree = "<group>";
		};
		56EB57D429938B7200E1495A /* Coordinators */ = {
			isa = PBXGroup;
			children = (
				56EB57D729938C4E00E1495A /* MainCoordinator.swift */,
				56DA1E6229A2FB500019102C /* MainViewController.swift */,
				56DA1E5929A2D56B0019102C /* AuthenitcationCoordinator.swift */,
			);
			path = Coordinators;
			sourceTree = "<group>";
		};
/* End PBXGroup section */

/* Begin PBXNativeTarget section */
		56EB57BB29938AAD00E1495A /* Cocinera */ = {
			isa = PBXNativeTarget;
			buildConfigurationList = 56EB57D029938AAE00E1495A /* Build configuration list for PBXNativeTarget "Cocinera" */;
			buildPhases = (
				56EB57B829938AAD00E1495A /* Sources */,
				56EB57B929938AAD00E1495A /* Frameworks */,
				56EB57BA29938AAD00E1495A /* Resources */,
			);
			buildRules = (
			);
			dependencies = (
			);
			name = Cocinera;
			productName = Cocinera;
			productReference = 56EB57BC29938AAD00E1495A /* Cocinera.app */;
			productType = "com.apple.product-type.application";
		};
/* End PBXNativeTarget section */

/* Begin PBXProject section */
		56EB57B429938AAD00E1495A /* Project object */ = {
			isa = PBXProject;
			attributes = {
				BuildIndependentTargetsInParallel = 1;
				LastSwiftUpdateCheck = 1420;
				LastUpgradeCheck = 1420;
				TargetAttributes = {
					56EB57BB29938AAD00E1495A = {
						CreatedOnToolsVersion = 14.2;
					};
				};
			};
			buildConfigurationList = 56EB57B729938AAD00E1495A /* Build configuration list for PBXProject "Cocinera" */;
			compatibilityVersion = "Xcode 14.0";
			developmentRegion = en;
			hasScannedForEncodings = 0;
			knownRegions = (
				en,
				Base,
			);
			mainGroup = 56EB57B329938AAD00E1495A;
			productRefGroup = 56EB57BD29938AAD00E1495A /* Products */;
			projectDirPath = "";
			projectRoot = "";
			targets = (
				56EB57BB29938AAD00E1495A /* Cocinera */,
			);
		};
/* End PBXProject section */

/* Begin PBXResourcesBuildPhase section */
		56EB57BA29938AAD00E1495A /* Resources */ = {
			isa = PBXResourcesBuildPhase;
			buildActionMask = 2147483647;
			files = (
				56EB57CC29938AAE00E1495A /* LaunchScreen.storyboard in Resources */,
				56EB57C929938AAE00E1495A /* Assets.xcassets in Resources */,
			);
			runOnlyForDeploymentPostprocessing = 0;
		};
/* End PBXResourcesBuildPhase section */

/* Begin PBXSourcesBuildPhase section */
		56EB57B829938AAD00E1495A /* Sources */ = {
			isa = PBXSourcesBuildPhase;
			buildActionMask = 2147483647;
			files = (
				56951B28299D33A100C78F04 /* LoginView.swift in Sources */,
				56DA1E6B29A6A26A0019102C /* WebViewController.swift in Sources */,
				56DA1E4F29A2BD870019102C /* NXAuthenitcator.swift in Sources */,
				56DA1E5A29A2D56B0019102C /* AuthenitcationCoordinator.swift in Sources */,
				56EB57D629938C0600E1495A /* Coordinator.swift in Sources */,
				56EB57C429938AAD00E1495A /* AuthenticationViewController.swift in Sources */,
				56DA1E7029B2EFFE0019102C /* NXServerManager.swift in Sources */,
				56DA1E5429A2CE700019102C /* Endpoints.swift in Sources */,
				56EB57C029938AAD00E1495A /* AppDelegate.swift in Sources */,
				56EB57DA29A04F6900E1495A /* GlobalVariables.swift in Sources */,
				56DA1E6829A598710019102C /* KeychainWrapper.swift in Sources */,
				56DA1E6629A598680019102C /* KeychainOptions.swift in Sources */,
				56DA1E5C29A2EFC70019102C /* NXAuthenticationDelegate.swift in Sources */,
				56DA1E6329A2FB500019102C /* MainViewController.swift in Sources */,
				56EB57D829938C4E00E1495A /* MainCoordinator.swift in Sources */,
				56DA1E5629A2CEEE0019102C /* NXAuthenticationObject.swift in Sources */,
				56DA1E5229A2CE0E0019102C /* DataManager.swift in Sources */,
				56DA1E5829A2D0650019102C /* NXServer.swift in Sources */,
				56EB57C229938AAD00E1495A /* SceneDelegate.swift in Sources */,
			);
			runOnlyForDeploymentPostprocessing = 0;
		};
/* End PBXSourcesBuildPhase section */

/* Begin PBXVariantGroup section */
		56EB57CA29938AAE00E1495A /* LaunchScreen.storyboard */ = {
			isa = PBXVariantGroup;
			children = (
				56EB57CB29938AAE00E1495A /* Base */,
			);
			name = LaunchScreen.storyboard;
			sourceTree = "<group>";
		};
/* End PBXVariantGroup section */

/* Begin XCBuildConfiguration section */
		56EB57CE29938AAE00E1495A /* Debug */ = {
			isa = XCBuildConfiguration;
			buildSettings = {
				ALWAYS_SEARCH_USER_PATHS = NO;
				CLANG_ANALYZER_NONNULL = YES;
				CLANG_ANALYZER_NUMBER_OBJECT_CONVERSION = YES_AGGRESSIVE;
				CLANG_CXX_LANGUAGE_STANDARD = "gnu++20";
				CLANG_ENABLE_MODULES = YES;
				CLANG_ENABLE_OBJC_ARC = YES;
				CLANG_ENABLE_OBJC_WEAK = YES;
				CLANG_WARN_BLOCK_CAPTURE_AUTORELEASING = YES;
				CLANG_WARN_BOOL_CONVERSION = YES;
				CLANG_WARN_COMMA = YES;
				CLANG_WARN_CONSTANT_CONVERSION = YES;
				CLANG_WARN_DEPRECATED_OBJC_IMPLEMENTATIONS = YES;
				CLANG_WARN_DIRECT_OBJC_ISA_USAGE = YES_ERROR;
				CLANG_WARN_DOCUMENTATION_COMMENTS = YES;
				CLANG_WARN_EMPTY_BODY = YES;
				CLANG_WARN_ENUM_CONVERSION = YES;
				CLANG_WARN_INFINITE_RECURSION = YES;
				CLANG_WARN_INT_CONVERSION = YES;
				CLANG_WARN_NON_LITERAL_NULL_CONVERSION = YES;
				CLANG_WARN_OBJC_IMPLICIT_RETAIN_SELF = YES;
				CLANG_WARN_OBJC_LITERAL_CONVERSION = YES;
				CLANG_WARN_OBJC_ROOT_CLASS = YES_ERROR;
				CLANG_WARN_QUOTED_INCLUDE_IN_FRAMEWORK_HEADER = YES;
				CLANG_WARN_RANGE_LOOP_ANALYSIS = YES;
				CLANG_WARN_STRICT_PROTOTYPES = YES;
				CLANG_WARN_SUSPICIOUS_MOVE = YES;
				CLANG_WARN_UNGUARDED_AVAILABILITY = YES_AGGRESSIVE;
				CLANG_WARN_UNREACHABLE_CODE = YES;
				CLANG_WARN__DUPLICATE_METHOD_MATCH = YES;
				COPY_PHASE_STRIP = NO;
				DEBUG_INFORMATION_FORMAT = dwarf;
				ENABLE_STRICT_OBJC_MSGSEND = YES;
				ENABLE_TESTABILITY = YES;
				GCC_C_LANGUAGE_STANDARD = gnu11;
				GCC_DYNAMIC_NO_PIC = NO;
				GCC_NO_COMMON_BLOCKS = YES;
				GCC_OPTIMIZATION_LEVEL = 0;
				GCC_PREPROCESSOR_DEFINITIONS = (
					"DEBUG=1",
					"$(inherited)",
				);
				GCC_WARN_64_TO_32_BIT_CONVERSION = YES;
				GCC_WARN_ABOUT_RETURN_TYPE = YES_ERROR;
				GCC_WARN_UNDECLARED_SELECTOR = YES;
				GCC_WARN_UNINITIALIZED_AUTOS = YES_AGGRESSIVE;
				GCC_WARN_UNUSED_FUNCTION = YES;
				GCC_WARN_UNUSED_VARIABLE = YES;
				IPHONEOS_DEPLOYMENT_TARGET = 16.2;
				MTL_ENABLE_DEBUG_INFO = INCLUDE_SOURCE;
				MTL_FAST_MATH = YES;
				ONLY_ACTIVE_ARCH = YES;
				SDKROOT = iphoneos;
				SWIFT_ACTIVE_COMPILATION_CONDITIONS = DEBUG;
				SWIFT_OPTIMIZATION_LEVEL = "-Onone";
			};
			name = Debug;
		};
		56EB57CF29938AAE00E1495A /* Release */ = {
			isa = XCBuildConfiguration;
			buildSettings = {
				ALWAYS_SEARCH_USER_PATHS = NO;
				CLANG_ANALYZER_NONNULL = YES;
				CLANG_ANALYZER_NUMBER_OBJECT_CONVERSION = YES_AGGRESSIVE;
				CLANG_CXX_LANGUAGE_STANDARD = "gnu++20";
				CLANG_ENABLE_MODULES = YES;
				CLANG_ENABLE_OBJC_ARC = YES;
				CLANG_ENABLE_OBJC_WEAK = YES;
				CLANG_WARN_BLOCK_CAPTURE_AUTORELEASING = YES;
				CLANG_WARN_BOOL_CONVERSION = YES;
				CLANG_WARN_COMMA = YES;
				CLANG_WARN_CONSTANT_CONVERSION = YES;
				CLANG_WARN_DEPRECATED_OBJC_IMPLEMENTATIONS = YES;
				CLANG_WARN_DIRECT_OBJC_ISA_USAGE = YES_ERROR;
				CLANG_WARN_DOCUMENTATION_COMMENTS = YES;
				CLANG_WARN_EMPTY_BODY = YES;
				CLANG_WARN_ENUM_CONVERSION = YES;
				CLANG_WARN_INFINITE_RECURSION = YES;
				CLANG_WARN_INT_CONVERSION = YES;
				CLANG_WARN_NON_LITERAL_NULL_CONVERSION = YES;
				CLANG_WARN_OBJC_IMPLICIT_RETAIN_SELF = YES;
				CLANG_WARN_OBJC_LITERAL_CONVERSION = YES;
				CLANG_WARN_OBJC_ROOT_CLASS = YES_ERROR;
				CLANG_WARN_QUOTED_INCLUDE_IN_FRAMEWORK_HEADER = YES;
				CLANG_WARN_RANGE_LOOP_ANALYSIS = YES;
				CLANG_WARN_STRICT_PROTOTYPES = YES;
				CLANG_WARN_SUSPICIOUS_MOVE = YES;
				CLANG_WARN_UNGUARDED_AVAILABILITY = YES_AGGRESSIVE;
				CLANG_WARN_UNREACHABLE_CODE = YES;
				CLANG_WARN__DUPLICATE_METHOD_MATCH = YES;
				COPY_PHASE_STRIP = NO;
				DEBUG_INFORMATION_FORMAT = "dwarf-with-dsym";
				ENABLE_NS_ASSERTIONS = NO;
				ENABLE_STRICT_OBJC_MSGSEND = YES;
				GCC_C_LANGUAGE_STANDARD = gnu11;
				GCC_NO_COMMON_BLOCKS = YES;
				GCC_WARN_64_TO_32_BIT_CONVERSION = YES;
				GCC_WARN_ABOUT_RETURN_TYPE = YES_ERROR;
				GCC_WARN_UNDECLARED_SELECTOR = YES;
				GCC_WARN_UNINITIALIZED_AUTOS = YES_AGGRESSIVE;
				GCC_WARN_UNUSED_FUNCTION = YES;
				GCC_WARN_UNUSED_VARIABLE = YES;
				IPHONEOS_DEPLOYMENT_TARGET = 16.2;
				MTL_ENABLE_DEBUG_INFO = NO;
				MTL_FAST_MATH = YES;
				SDKROOT = iphoneos;
				SWIFT_COMPILATION_MODE = wholemodule;
				SWIFT_OPTIMIZATION_LEVEL = "-O";
				VALIDATE_PRODUCT = YES;
			};
			name = Release;
		};
		56EB57D129938AAE00E1495A /* Debug */ = {
			isa = XCBuildConfiguration;
			buildSettings = {
				ASSETCATALOG_COMPILER_APPICON_NAME = AppIcon;
				ASSETCATALOG_COMPILER_GLOBAL_ACCENT_COLOR_NAME = AccentColor;
				CODE_SIGN_STYLE = Automatic;
				CURRENT_PROJECT_VERSION = 1;
				DEVELOPMENT_TEAM = 2445G329LF;
				GENERATE_INFOPLIST_FILE = YES;
				INFOPLIST_FILE = Cocinera/Info.plist;
				INFOPLIST_KEY_UIApplicationSupportsIndirectInputEvents = YES;
				INFOPLIST_KEY_UILaunchStoryboardName = LaunchScreen;
				INFOPLIST_KEY_UIStatusBarStyle = UIStatusBarStyleDarkContent;
				INFOPLIST_KEY_UISupportedInterfaceOrientations_iPad = "UIInterfaceOrientationPortrait UIInterfaceOrientationPortraitUpsideDown UIInterfaceOrientationLandscapeLeft UIInterfaceOrientationLandscapeRight";
				INFOPLIST_KEY_UISupportedInterfaceOrientations_iPhone = "UIInterfaceOrientationPortrait UIInterfaceOrientationLandscapeLeft UIInterfaceOrientationLandscapeRight";
				LD_RUNPATH_SEARCH_PATHS = (
					"$(inherited)",
					"@executable_path/Frameworks",
				);
				MARKETING_VERSION = 1.0;
				PRODUCT_BUNDLE_IDENTIFIER = com.jonalaniz.Cocinera;
				PRODUCT_NAME = "$(TARGET_NAME)";
				SWIFT_EMIT_LOC_STRINGS = YES;
				SWIFT_VERSION = 5.0;
				TARGETED_DEVICE_FAMILY = "1,2";
			};
			name = Debug;
		};
		56EB57D229938AAE00E1495A /* Release */ = {
			isa = XCBuildConfiguration;
			buildSettings = {
				ASSETCATALOG_COMPILER_APPICON_NAME = AppIcon;
				ASSETCATALOG_COMPILER_GLOBAL_ACCENT_COLOR_NAME = AccentColor;
				CODE_SIGN_STYLE = Automatic;
				CURRENT_PROJECT_VERSION = 1;
				DEVELOPMENT_TEAM = 2445G329LF;
				GENERATE_INFOPLIST_FILE = YES;
				INFOPLIST_FILE = Cocinera/Info.plist;
				INFOPLIST_KEY_UIApplicationSupportsIndirectInputEvents = YES;
				INFOPLIST_KEY_UILaunchStoryboardName = LaunchScreen;
				INFOPLIST_KEY_UIStatusBarStyle = UIStatusBarStyleDarkContent;
				INFOPLIST_KEY_UISupportedInterfaceOrientations_iPad = "UIInterfaceOrientationPortrait UIInterfaceOrientationPortraitUpsideDown UIInterfaceOrientationLandscapeLeft UIInterfaceOrientationLandscapeRight";
				INFOPLIST_KEY_UISupportedInterfaceOrientations_iPhone = "UIInterfaceOrientationPortrait UIInterfaceOrientationLandscapeLeft UIInterfaceOrientationLandscapeRight";
				LD_RUNPATH_SEARCH_PATHS = (
					"$(inherited)",
					"@executable_path/Frameworks",
				);
				MARKETING_VERSION = 1.0;
				PRODUCT_BUNDLE_IDENTIFIER = com.jonalaniz.Cocinera;
				PRODUCT_NAME = "$(TARGET_NAME)";
				SWIFT_EMIT_LOC_STRINGS = YES;
				SWIFT_VERSION = 5.0;
				TARGETED_DEVICE_FAMILY = "1,2";
			};
			name = Release;
		};
/* End XCBuildConfiguration section */

/* Begin XCConfigurationList section */
		56EB57B729938AAD00E1495A /* Build configuration list for PBXProject "Cocinera" */ = {
			isa = XCConfigurationList;
			buildConfigurations = (
				56EB57CE29938AAE00E1495A /* Debug */,
				56EB57CF29938AAE00E1495A /* Release */,
			);
			defaultConfigurationIsVisible = 0;
			defaultConfigurationName = Release;
		};
		56EB57D029938AAE00E1495A /* Build configuration list for PBXNativeTarget "Cocinera" */ = {
			isa = XCConfigurationList;
			buildConfigurations = (
				56EB57D129938AAE00E1495A /* Debug */,
				56EB57D229938AAE00E1495A /* Release */,
			);
			defaultConfigurationIsVisible = 0;
			defaultConfigurationName = Release;
		};
/* End XCConfigurationList section */
	};
	rootObject = 56EB57B429938AAD00E1495A /* Project object */;
}
